
Microsoft Visual Studio Solution File, Format Version 12.00
# Visual Studio Version 16
VisualStudioVersion = 16.0.29728.190
MinimumVisualStudioVersion = 10.0.40219.1
Project("{FAE04EC0-301F-11D3-BF4B-00C04F79EFBC}") = "Madsense.XamarinForms.Sample.UWP", "src\Madsense.XamarinForms.Sample.UWP\Madsense.XamarinForms.Sample.UWP.csproj", "{95ECA309-C659-4A43-84AE-B0D2EE106D06}"
EndProject
Project("{FAE04EC0-301F-11D3-BF4B-00C04F79EFBC}") = "Madsense.XamarinForms.Sample.Mac", "src\Madsense.XamarinForms.Sample.Mac\Madsense.XamarinForms.Sample.Mac.csproj", "{72608BB1-54BB-4881-9F76-13FC991A4BF3}"
EndProject
Project("{FAE04EC0-301F-11D3-BF4B-00C04F79EFBC}") = "Madsense.XamarinForms.Sample.Android", "src\Madsense.XamarinForms.Sample.Android\Madsense.XamarinForms.Sample.Android.csproj", "{AC0D1506-1C9B-44C5-BCF8-A109CF9C9EF7}"
EndProject
Project("{FAE04EC0-301F-11D3-BF4B-00C04F79EFBC}") = "Madsense.XamarinForms.Sample.iOS", "src\Madsense.XamarinForms.Sample.iOS\Madsense.XamarinForms.Sample.iOS.csproj", "{424CE581-E3C8-4DD6-8A4F-63D7559A719B}"
EndProject
Project("{9A19103F-16F7-4668-BE54-9A1E7A4F7556}") = "Madsense.XamarinForms.Sample", "src\Madsense.XamarinForms.Sample\Madsense.XamarinForms.Sample.csproj", "{23BAE88A-2ADF-4714-BAFE-68B43DAEAEF8}"
EndProject
Global
	GlobalSection(SolutionConfigurationPlatforms) = preSolution
		Ad-Hoc|Any CPU = Ad-Hoc|Any CPU
		Ad-Hoc|ARM = Ad-Hoc|ARM
		Ad-Hoc|iPhone = Ad-Hoc|iPhone
		Ad-Hoc|iPhoneSimulator = Ad-Hoc|iPhoneSimulator
		Ad-Hoc|x64 = Ad-Hoc|x64
		Ad-Hoc|x86 = Ad-Hoc|x86
		AppStore|Any CPU = AppStore|Any CPU
		AppStore|ARM = AppStore|ARM
		AppStore|iPhone = AppStore|iPhone
		AppStore|iPhoneSimulator = AppStore|iPhoneSimulator
		AppStore|x64 = AppStore|x64
		AppStore|x86 = AppStore|x86
		Debug|Any CPU = Debug|Any CPU
		Debug|ARM = Debug|ARM
		Debug|iPhone = Debug|iPhone
		Debug|iPhoneSimulator = Debug|iPhoneSimulator
		Debug|x64 = Debug|x64
		Debug|x86 = Debug|x86
		Release|Any CPU = Release|Any CPU
		Release|ARM = Release|ARM
		Release|iPhone = Release|iPhone
		Release|iPhoneSimulator = Release|iPhoneSimulator
		Release|x64 = Release|x64
		Release|x86 = Release|x86
	EndGlobalSection
	GlobalSection(ProjectConfigurationPlatforms) = postSolution
		{95ECA309-C659-4A43-84AE-B0D2EE106D06}.Ad-Hoc|Any CPU.ActiveCfg = Release|x86
		{95ECA309-C659-4A43-84AE-B0D2EE106D06}.Ad-Hoc|Any CPU.Build.0 = Release|x86
		{95ECA309-C659-4A43-84AE-B0D2EE106D06}.Ad-Hoc|ARM.ActiveCfg = Release|ARM
		{95ECA309-C659-4A43-84AE-B0D2EE106D06}.Ad-Hoc|ARM.Build.0 = Release|ARM
		{95ECA309-C659-4A43-84AE-B0D2EE106D06}.Ad-Hoc|ARM.Deploy.0 = Release|ARM
		{95ECA309-C659-4A43-84AE-B0D2EE106D06}.Ad-Hoc|iPhone.ActiveCfg = Release|x86
		{95ECA309-C659-4A43-84AE-B0D2EE106D06}.Ad-Hoc|iPhone.Build.0 = Release|x86
		{95ECA309-C659-4A43-84AE-B0D2EE106D06}.Ad-Hoc|iPhone.Deploy.0 = Release|x86
		{95ECA309-C659-4A43-84AE-B0D2EE106D06}.Ad-Hoc|iPhoneSimulator.ActiveCfg = Release|x86
		{95ECA309-C659-4A43-84AE-B0D2EE106D06}.Ad-Hoc|iPhoneSimulator.Build.0 = Release|x86
		{95ECA309-C659-4A43-84AE-B0D2EE106D06}.Ad-Hoc|iPhoneSimulator.Deploy.0 = Release|x86
		{95ECA309-C659-4A43-84AE-B0D2EE106D06}.Ad-Hoc|x64.ActiveCfg = Release|x64
		{95ECA309-C659-4A43-84AE-B0D2EE106D06}.Ad-Hoc|x64.Build.0 = Release|x64
		{95ECA309-C659-4A43-84AE-B0D2EE106D06}.Ad-Hoc|x64.Deploy.0 = Release|x64
		{95ECA309-C659-4A43-84AE-B0D2EE106D06}.Ad-Hoc|x86.ActiveCfg = Release|x86
		{95ECA309-C659-4A43-84AE-B0D2EE106D06}.Ad-Hoc|x86.Build.0 = Release|x86
		{95ECA309-C659-4A43-84AE-B0D2EE106D06}.Ad-Hoc|x86.Deploy.0 = Release|x86
		{95ECA309-C659-4A43-84AE-B0D2EE106D06}.AppStore|Any CPU.ActiveCfg = Release|x86
		{95ECA309-C659-4A43-84AE-B0D2EE106D06}.AppStore|Any CPU.Build.0 = Release|x86
		{95ECA309-C659-4A43-84AE-B0D2EE106D06}.AppStore|ARM.ActiveCfg = Release|ARM
		{95ECA309-C659-4A43-84AE-B0D2EE106D06}.AppStore|ARM.Build.0 = Release|ARM
		{95ECA309-C659-4A43-84AE-B0D2EE106D06}.AppStore|ARM.Deploy.0 = Release|ARM
		{95ECA309-C659-4A43-84AE-B0D2EE106D06}.AppStore|iPhone.ActiveCfg = Release|x86
		{95ECA309-C659-4A43-84AE-B0D2EE106D06}.AppStore|iPhone.Build.0 = Release|x86
		{95ECA309-C659-4A43-84AE-B0D2EE106D06}.AppStore|iPhone.Deploy.0 = Release|x86
		{95ECA309-C659-4A43-84AE-B0D2EE106D06}.AppStore|iPhoneSimulator.ActiveCfg = Release|x86
		{95ECA309-C659-4A43-84AE-B0D2EE106D06}.AppStore|iPhoneSimulator.Build.0 = Release|x86
		{95ECA309-C659-4A43-84AE-B0D2EE106D06}.AppStore|iPhoneSimulator.Deploy.0 = Release|x86
		{95ECA309-C659-4A43-84AE-B0D2EE106D06}.AppStore|x64.ActiveCfg = Release|x64
		{95ECA309-C659-4A43-84AE-B0D2EE106D06}.AppStore|x64.Build.0 = Release|x64
		{95ECA309-C659-4A43-84AE-B0D2EE106D06}.AppStore|x64.Deploy.0 = Release|x64
		{95ECA309-C659-4A43-84AE-B0D2EE106D06}.AppStore|x86.ActiveCfg = Release|x86
		{95ECA309-C659-4A43-84AE-B0D2EE106D06}.AppStore|x86.Build.0 = Release|x86
		{95ECA309-C659-4A43-84AE-B0D2EE106D06}.AppStore|x86.Deploy.0 = Release|x86
		{95ECA309-C659-4A43-84AE-B0D2EE106D06}.Debug|Any CPU.ActiveCfg = Debug|x86
		{95ECA309-C659-4A43-84AE-B0D2EE106D06}.Debug|Any CPU.Build.0 = Debug|x86
		{95ECA309-C659-4A43-84AE-B0D2EE106D06}.Debug|ARM.ActiveCfg = Debug|ARM
		{95ECA309-C659-4A43-84AE-B0D2EE106D06}.Debug|ARM.Build.0 = Debug|ARM
		{95ECA309-C659-4A43-84AE-B0D2EE106D06}.Debug|ARM.Deploy.0 = Debug|ARM
		{95ECA309-C659-4A43-84AE-B0D2EE106D06}.Debug|iPhone.ActiveCfg = Debug|x86
		{95ECA309-C659-4A43-84AE-B0D2EE106D06}.Debug|iPhoneSimulator.ActiveCfg = Debug|x86
		{95ECA309-C659-4A43-84AE-B0D2EE106D06}.Debug|x64.ActiveCfg = Debug|x64
		{95ECA309-C659-4A43-84AE-B0D2EE106D06}.Debug|x64.Build.0 = Debug|x64
		{95ECA309-C659-4A43-84AE-B0D2EE106D06}.Debug|x64.Deploy.0 = Debug|x64
		{95ECA309-C659-4A43-84AE-B0D2EE106D06}.Debug|x86.ActiveCfg = Debug|x86
		{95ECA309-C659-4A43-84AE-B0D2EE106D06}.Debug|x86.Build.0 = Debug|x86
		{95ECA309-C659-4A43-84AE-B0D2EE106D06}.Debug|x86.Deploy.0 = Debug|x86
		{95ECA309-C659-4A43-84AE-B0D2EE106D06}.Release|Any CPU.ActiveCfg = Release|x86
		{95ECA309-C659-4A43-84AE-B0D2EE106D06}.Release|Any CPU.Build.0 = Release|x86
		{95ECA309-C659-4A43-84AE-B0D2EE106D06}.Release|ARM.ActiveCfg = Release|ARM
		{95ECA309-C659-4A43-84AE-B0D2EE106D06}.Release|ARM.Build.0 = Release|ARM
		{95ECA309-C659-4A43-84AE-B0D2EE106D06}.Release|ARM.Deploy.0 = Release|ARM
		{95ECA309-C659-4A43-84AE-B0D2EE106D06}.Release|iPhone.ActiveCfg = Release|x86
		{95ECA309-C659-4A43-84AE-B0D2EE106D06}.Release|iPhoneSimulator.ActiveCfg = Release|x86
		{95ECA309-C659-4A43-84AE-B0D2EE106D06}.Release|x64.ActiveCfg = Release|x64
		{95ECA309-C659-4A43-84AE-B0D2EE106D06}.Release|x64.Build.0 = Release|x64
		{95ECA309-C659-4A43-84AE-B0D2EE106D06}.Release|x64.Deploy.0 = Release|x64
		{95ECA309-C659-4A43-84AE-B0D2EE106D06}.Release|x86.ActiveCfg = Release|x86
		{95ECA309-C659-4A43-84AE-B0D2EE106D06}.Release|x86.Build.0 = Release|x86
		{72608BB1-54BB-4881-9F76-13FC991A4BF3}.Ad-Hoc|Any CPU.ActiveCfg = Release|Any CPU
		{72608BB1-54BB-4881-9F76-13FC991A4BF3}.Ad-Hoc|Any CPU.Build.0 = Release|Any CPU
		{72608BB1-54BB-4881-9F76-13FC991A4BF3}.Ad-Hoc|ARM.ActiveCfg = Release|Any CPU
		{72608BB1-54BB-4881-9F76-13FC991A4BF3}.Ad-Hoc|ARM.Build.0 = Release|Any CPU
		{72608BB1-54BB-4881-9F76-13FC991A4BF3}.Ad-Hoc|iPhone.ActiveCfg = Release|Any CPU
		{72608BB1-54BB-4881-9F76-13FC991A4BF3}.Ad-Hoc|iPhone.Build.0 = Release|Any CPU
		{72608BB1-54BB-4881-9F76-13FC991A4BF3}.Ad-Hoc|iPhoneSimulator.ActiveCfg = Release|Any CPU
		{72608BB1-54BB-4881-9F76-13FC991A4BF3}.Ad-Hoc|iPhoneSimulator.Build.0 = Release|Any CPU
		{72608BB1-54BB-4881-9F76-13FC991A4BF3}.Ad-Hoc|x64.ActiveCfg = Release|Any CPU
		{72608BB1-54BB-4881-9F76-13FC991A4BF3}.Ad-Hoc|x64.Build.0 = Release|Any CPU
		{72608BB1-54BB-4881-9F76-13FC991A4BF3}.Ad-Hoc|x86.ActiveCfg = Release|Any CPU
		{72608BB1-54BB-4881-9F76-13FC991A4BF3}.Ad-Hoc|x86.Build.0 = Release|Any CPU
		{72608BB1-54BB-4881-9F76-13FC991A4BF3}.AppStore|Any CPU.ActiveCfg = Release|Any CPU
		{72608BB1-54BB-4881-9F76-13FC991A4BF3}.AppStore|Any CPU.Build.0 = Release|Any CPU
		{72608BB1-54BB-4881-9F76-13FC991A4BF3}.AppStore|ARM.ActiveCfg = Release|Any CPU
		{72608BB1-54BB-4881-9F76-13FC991A4BF3}.AppStore|ARM.Build.0 = Release|Any CPU
		{72608BB1-54BB-4881-9F76-13FC991A4BF3}.AppStore|iPhone.ActiveCfg = Release|Any CPU
		{72608BB1-54BB-4881-9F76-13FC991A4BF3}.AppStore|iPhone.Build.0 = Release|Any CPU
		{72608BB1-54BB-4881-9F76-13FC991A4BF3}.AppStore|iPhoneSimulator.ActiveCfg = Release|Any CPU
		{72608BB1-54BB-4881-9F76-13FC991A4BF3}.AppStore|iPhoneSimulator.Build.0 = Release|Any CPU
		{72608BB1-54BB-4881-9F76-13FC991A4BF3}.AppStore|x64.ActiveCfg = Release|Any CPU
		{72608BB1-54BB-4881-9F76-13FC991A4BF3}.AppStore|x64.Build.0 = Release|Any CPU
		{72608BB1-54BB-4881-9F76-13FC991A4BF3}.AppStore|x86.ActiveCfg = Release|Any CPU
		{72608BB1-54BB-4881-9F76-13FC991A4BF3}.AppStore|x86.Build.0 = Release|Any CPU
		{72608BB1-54BB-4881-9F76-13FC991A4BF3}.Debug|Any CPU.ActiveCfg = Debug|Any CPU
		{72608BB1-54BB-4881-9F76-13FC991A4BF3}.Debug|Any CPU.Build.0 = Debug|Any CPU
		{72608BB1-54BB-4881-9F76-13FC991A4BF3}.Debug|ARM.ActiveCfg = Debug|Any CPU
		{72608BB1-54BB-4881-9F76-13FC991A4BF3}.Debug|ARM.Build.0 = Debug|Any CPU
		{72608BB1-54BB-4881-9F76-13FC991A4BF3}.Debug|iPhone.ActiveCfg = Debug|Any CPU
		{72608BB1-54BB-4881-9F76-13FC991A4BF3}.Debug|iPhone.Build.0 = Debug|Any CPU
		{72608BB1-54BB-4881-9F76-13FC991A4BF3}.Debug|iPhoneSimulator.ActiveCfg = Debug|Any CPU
		{72608BB1-54BB-4881-9F76-13FC991A4BF3}.Debug|iPhoneSimulator.Build.0 = Debug|Any CPU
		{72608BB1-54BB-4881-9F76-13FC991A4BF3}.Debug|x64.ActiveCfg = Debug|Any CPU
		{72608BB1-54BB-4881-9F76-13FC991A4BF3}.Debug|x64.Build.0 = Debug|Any CPU
		{72608BB1-54BB-4881-9F76-13FC991A4BF3}.Debug|x86.ActiveCfg = Debug|Any CPU
		{72608BB1-54BB-4881-9F76-13FC991A4BF3}.Debug|x86.Build.0 = Debug|Any CPU
		{72608BB1-54BB-4881-9F76-13FC991A4BF3}.Release|Any CPU.ActiveCfg = Release|Any CPU
		{72608BB1-54BB-4881-9F76-13FC991A4BF3}.Release|Any CPU.Build.0 = Release|Any CPU
		{72608BB1-54BB-4881-9F76-13FC991A4BF3}.Release|ARM.ActiveCfg = Release|Any CPU
		{72608BB1-54BB-4881-9F76-13FC991A4BF3}.Release|ARM.Build.0 = Release|Any CPU
		{72608BB1-54BB-4881-9F76-13FC991A4BF3}.Release|iPhone.ActiveCfg = Release|Any CPU
		{72608BB1-54BB-4881-9F76-13FC991A4BF3}.Release|iPhone.Build.0 = Release|Any CPU
		{72608BB1-54BB-4881-9F76-13FC991A4BF3}.Release|iPhoneSimulator.ActiveCfg = Release|Any CPU
		{72608BB1-54BB-4881-9F76-13FC991A4BF3}.Release|iPhoneSimulator.Build.0 = Release|Any CPU
		{72608BB1-54BB-4881-9F76-13FC991A4BF3}.Release|x64.ActiveCfg = Release|Any CPU
		{72608BB1-54BB-4881-9F76-13FC991A4BF3}.Release|x64.Build.0 = Release|Any CPU
		{72608BB1-54BB-4881-9F76-13FC991A4BF3}.Release|x86.ActiveCfg = Release|Any CPU
		{72608BB1-54BB-4881-9F76-13FC991A4BF3}.Release|x86.Build.0 = Release|Any CPU
		{AC0D1506-1C9B-44C5-BCF8-A109CF9C9EF7}.Ad-Hoc|Any CPU.ActiveCfg = Release|Any CPU
		{AC0D1506-1C9B-44C5-BCF8-A109CF9C9EF7}.Ad-Hoc|Any CPU.Build.0 = Release|Any CPU
		{AC0D1506-1C9B-44C5-BCF8-A109CF9C9EF7}.Ad-Hoc|ARM.ActiveCfg = Release|Any CPU
		{AC0D1506-1C9B-44C5-BCF8-A109CF9C9EF7}.Ad-Hoc|ARM.Build.0 = Release|Any CPU
		{AC0D1506-1C9B-44C5-BCF8-A109CF9C9EF7}.Ad-Hoc|ARM.Deploy.0 = Release|Any CPU
		{AC0D1506-1C9B-44C5-BCF8-A109CF9C9EF7}.Ad-Hoc|iPhone.ActiveCfg = Release|Any CPU
		{AC0D1506-1C9B-44C5-BCF8-A109CF9C9EF7}.Ad-Hoc|iPhone.Build.0 = Release|Any CPU
		{AC0D1506-1C9B-44C5-BCF8-A109CF9C9EF7}.Ad-Hoc|iPhone.Deploy.0 = Release|Any CPU
		{AC0D1506-1C9B-44C5-BCF8-A109CF9C9EF7}.Ad-Hoc|iPhoneSimulator.ActiveCfg = Release|Any CPU
		{AC0D1506-1C9B-44C5-BCF8-A109CF9C9EF7}.Ad-Hoc|iPhoneSimulator.Build.0 = Release|Any CPU
		{AC0D1506-1C9B-44C5-BCF8-A109CF9C9EF7}.Ad-Hoc|iPhoneSimulator.Deploy.0 = Release|Any CPU
		{AC0D1506-1C9B-44C5-BCF8-A109CF9C9EF7}.Ad-Hoc|x64.ActiveCfg = Release|Any CPU
		{AC0D1506-1C9B-44C5-BCF8-A109CF9C9EF7}.Ad-Hoc|x64.Build.0 = Release|Any CPU
		{AC0D1506-1C9B-44C5-BCF8-A109CF9C9EF7}.Ad-Hoc|x64.Deploy.0 = Release|Any CPU
		{AC0D1506-1C9B-44C5-BCF8-A109CF9C9EF7}.Ad-Hoc|x86.ActiveCfg = Release|Any CPU
		{AC0D1506-1C9B-44C5-BCF8-A109CF9C9EF7}.Ad-Hoc|x86.Build.0 = Release|Any CPU
		{AC0D1506-1C9B-44C5-BCF8-A109CF9C9EF7}.Ad-Hoc|x86.Deploy.0 = Release|Any CPU
		{AC0D1506-1C9B-44C5-BCF8-A109CF9C9EF7}.AppStore|Any CPU.ActiveCfg = Release|Any CPU
		{AC0D1506-1C9B-44C5-BCF8-A109CF9C9EF7}.AppStore|Any CPU.Build.0 = Release|Any CPU
		{AC0D1506-1C9B-44C5-BCF8-A109CF9C9EF7}.AppStore|ARM.ActiveCfg = Release|Any CPU
		{AC0D1506-1C9B-44C5-BCF8-A109CF9C9EF7}.AppStore|ARM.Build.0 = Release|Any CPU
		{AC0D1506-1C9B-44C5-BCF8-A109CF9C9EF7}.AppStore|ARM.Deploy.0 = Release|Any CPU
		{AC0D1506-1C9B-44C5-BCF8-A109CF9C9EF7}.AppStore|iPhone.ActiveCfg = Release|Any CPU
		{AC0D1506-1C9B-44C5-BCF8-A109CF9C9EF7}.AppStore|iPhone.Build.0 = Release|Any CPU
		{AC0D1506-1C9B-44C5-BCF8-A109CF9C9EF7}.AppStore|iPhone.Deploy.0 = Release|Any CPU
		{AC0D1506-1C9B-44C5-BCF8-A109CF9C9EF7}.AppStore|iPhoneSimulator.ActiveCfg = Release|Any CPU
		{AC0D1506-1C9B-44C5-BCF8-A109CF9C9EF7}.AppStore|iPhoneSimulator.Build.0 = Release|Any CPU
		{AC0D1506-1C9B-44C5-BCF8-A109CF9C9EF7}.AppStore|iPhoneSimulator.Deploy.0 = Release|Any CPU
		{AC0D1506-1C9B-44C5-BCF8-A109CF9C9EF7}.AppStore|x64.ActiveCfg = Release|Any CPU
		{AC0D1506-1C9B-44C5-BCF8-A109CF9C9EF7}.AppStore|x64.Build.0 = Release|Any CPU
		{AC0D1506-1C9B-44C5-BCF8-A109CF9C9EF7}.AppStore|x64.Deploy.0 = Release|Any CPU
		{AC0D1506-1C9B-44C5-BCF8-A109CF9C9EF7}.AppStore|x86.ActiveCfg = Release|Any CPU
		{AC0D1506-1C9B-44C5-BCF8-A109CF9C9EF7}.AppStore|x86.Build.0 = Release|Any CPU
		{AC0D1506-1C9B-44C5-BCF8-A109CF9C9EF7}.AppStore|x86.Deploy.0 = Release|Any CPU
		{AC0D1506-1C9B-44C5-BCF8-A109CF9C9EF7}.Debug|Any CPU.ActiveCfg = Debug|Any CPU
		{AC0D1506-1C9B-44C5-BCF8-A109CF9C9EF7}.Debug|Any CPU.Build.0 = Debug|Any CPU
		{AC0D1506-1C9B-44C5-BCF8-A109CF9C9EF7}.Debug|Any CPU.Deploy.0 = Debug|Any CPU
		{AC0D1506-1C9B-44C5-BCF8-A109CF9C9EF7}.Debug|ARM.ActiveCfg = Debug|Any CPU
		{AC0D1506-1C9B-44C5-BCF8-A109CF9C9EF7}.Debug|ARM.Build.0 = Debug|Any CPU
		{AC0D1506-1C9B-44C5-BCF8-A109CF9C9EF7}.Debug|ARM.Deploy.0 = Debug|Any CPU
		{AC0D1506-1C9B-44C5-BCF8-A109CF9C9EF7}.Debug|iPhone.ActiveCfg = Debug|Any CPU
		{AC0D1506-1C9B-44C5-BCF8-A109CF9C9EF7}.Debug|iPhone.Build.0 = Debug|Any CPU
		{AC0D1506-1C9B-44C5-BCF8-A109CF9C9EF7}.Debug|iPhone.Deploy.0 = Debug|Any CPU
		{AC0D1506-1C9B-44C5-BCF8-A109CF9C9EF7}.Debug|iPhoneSimulator.ActiveCfg = Debug|Any CPU
		{AC0D1506-1C9B-44C5-BCF8-A109CF9C9EF7}.Debug|iPhoneSimulator.Build.0 = Debug|Any CPU
		{AC0D1506-1C9B-44C5-BCF8-A109CF9C9EF7}.Debug|iPhoneSimulator.Deploy.0 = Debug|Any CPU
		{AC0D1506-1C9B-44C5-BCF8-A109CF9C9EF7}.Debug|x64.ActiveCfg = Debug|Any CPU
		{AC0D1506-1C9B-44C5-BCF8-A109CF9C9EF7}.Debug|x64.Build.0 = Debug|Any CPU
		{AC0D1506-1C9B-44C5-BCF8-A109CF9C9EF7}.Debug|x64.Deploy.0 = Debug|Any CPU
		{AC0D1506-1C9B-44C5-BCF8-A109CF9C9EF7}.Debug|x86.ActiveCfg = Debug|Any CPU
		{AC0D1506-1C9B-44C5-BCF8-A109CF9C9EF7}.Debug|x86.Build.0 = Debug|Any CPU
		{AC0D1506-1C9B-44C5-BCF8-A109CF9C9EF7}.Debug|x86.Deploy.0 = Debug|Any CPU
		{AC0D1506-1C9B-44C5-BCF8-A109CF9C9EF7}.Release|Any CPU.ActiveCfg = Release|Any CPU
		{AC0D1506-1C9B-44C5-BCF8-A109CF9C9EF7}.Release|Any CPU.Build.0 = Release|Any CPU
		{AC0D1506-1C9B-44C5-BCF8-A109CF9C9EF7}.Release|ARM.ActiveCfg = Release|Any CPU
		{AC0D1506-1C9B-44C5-BCF8-A109CF9C9EF7}.Release|ARM.Build.0 = Release|Any CPU
		{AC0D1506-1C9B-44C5-BCF8-A109CF9C9EF7}.Release|ARM.Deploy.0 = Release|Any CPU
		{AC0D1506-1C9B-44C5-BCF8-A109CF9C9EF7}.Release|iPhone.ActiveCfg = Release|Any CPU
		{AC0D1506-1C9B-44C5-BCF8-A109CF9C9EF7}.Release|iPhone.Build.0 = Release|Any CPU
		{AC0D1506-1C9B-44C5-BCF8-A109CF9C9EF7}.Release|iPhone.Deploy.0 = Release|Any CPU
		{AC0D1506-1C9B-44C5-BCF8-A109CF9C9EF7}.Release|iPhoneSimulator.ActiveCfg = Release|Any CPU
		{AC0D1506-1C9B-44C5-BCF8-A109CF9C9EF7}.Release|iPhoneSimulator.Build.0 = Release|Any CPU
		{AC0D1506-1C9B-44C5-BCF8-A109CF9C9EF7}.Release|iPhoneSimulator.Deploy.0 = Release|Any CPU
		{AC0D1506-1C9B-44C5-BCF8-A109CF9C9EF7}.Release|x64.ActiveCfg = Release|Any CPU
		{AC0D1506-1C9B-44C5-BCF8-A109CF9C9EF7}.Release|x64.Build.0 = Release|Any CPU
		{AC0D1506-1C9B-44C5-BCF8-A109CF9C9EF7}.Release|x64.Deploy.0 = Release|Any CPU
		{AC0D1506-1C9B-44C5-BCF8-A109CF9C9EF7}.Release|x86.ActiveCfg = Release|Any CPU
		{AC0D1506-1C9B-44C5-BCF8-A109CF9C9EF7}.Release|x86.Build.0 = Release|Any CPU
		{424CE581-E3C8-4DD6-8A4F-63D7559A719B}.Ad-Hoc|Any CPU.ActiveCfg = Ad-Hoc|iPhone
		{424CE581-E3C8-4DD6-8A4F-63D7559A719B}.Ad-Hoc|Any CPU.Build.0 = Ad-Hoc|iPhone
		{424CE581-E3C8-4DD6-8A4F-63D7559A719B}.Ad-Hoc|ARM.ActiveCfg = Ad-Hoc|iPhone
		{424CE581-E3C8-4DD6-8A4F-63D7559A719B}.Ad-Hoc|iPhone.ActiveCfg = Ad-Hoc|iPhone
		{424CE581-E3C8-4DD6-8A4F-63D7559A719B}.Ad-Hoc|iPhone.Build.0 = Ad-Hoc|iPhone
		{424CE581-E3C8-4DD6-8A4F-63D7559A719B}.Ad-Hoc|iPhoneSimulator.ActiveCfg = Ad-Hoc|iPhoneSimulator
		{424CE581-E3C8-4DD6-8A4F-63D7559A719B}.Ad-Hoc|iPhoneSimulator.Build.0 = Ad-Hoc|iPhoneSimulator
		{424CE581-E3C8-4DD6-8A4F-63D7559A719B}.Ad-Hoc|x64.ActiveCfg = Ad-Hoc|iPhone
		{424CE581-E3C8-4DD6-8A4F-63D7559A719B}.Ad-Hoc|x86.ActiveCfg = Ad-Hoc|iPhone
		{424CE581-E3C8-4DD6-8A4F-63D7559A719B}.AppStore|Any CPU.ActiveCfg = AppStore|iPhone
		{424CE581-E3C8-4DD6-8A4F-63D7559A719B}.AppStore|Any CPU.Build.0 = AppStore|iPhone
		{424CE581-E3C8-4DD6-8A4F-63D7559A719B}.AppStore|ARM.ActiveCfg = AppStore|iPhone
		{424CE581-E3C8-4DD6-8A4F-63D7559A719B}.AppStore|iPhone.ActiveCfg = AppStore|iPhone
		{424CE581-E3C8-4DD6-8A4F-63D7559A719B}.AppStore|iPhone.Build.0 = AppStore|iPhone
		{424CE581-E3C8-4DD6-8A4F-63D7559A719B}.AppStore|iPhoneSimulator.ActiveCfg = AppStore|iPhoneSimulator
		{424CE581-E3C8-4DD6-8A4F-63D7559A719B}.AppStore|iPhoneSimulator.Build.0 = AppStore|iPhoneSimulator
		{424CE581-E3C8-4DD6-8A4F-63D7559A719B}.AppStore|x64.ActiveCfg = AppStore|iPhone
		{424CE581-E3C8-4DD6-8A4F-63D7559A719B}.AppStore|x86.ActiveCfg = AppStore|iPhone
		{424CE581-E3C8-4DD6-8A4F-63D7559A719B}.Debug|Any CPU.ActiveCfg = Debug|iPhoneSimulator
		{424CE581-E3C8-4DD6-8A4F-63D7559A719B}.Debug|Any CPU.Build.0 = Debug|iPhoneSimulator
		{424CE581-E3C8-4DD6-8A4F-63D7559A719B}.Debug|ARM.ActiveCfg = Debug|iPhone
		{424CE581-E3C8-4DD6-8A4F-63D7559A719B}.Debug|iPhone.ActiveCfg = Debug|iPhone
		{424CE581-E3C8-4DD6-8A4F-63D7559A719B}.Debug|iPhone.Build.0 = Debug|iPhone
		{424CE581-E3C8-4DD6-8A4F-63D7559A719B}.Debug|iPhoneSimulator.ActiveCfg = Debug|iPhoneSimulator
		{424CE581-E3C8-4DD6-8A4F-63D7559A719B}.Debug|iPhoneSimulator.Build.0 = Debug|iPhoneSimulator
		{424CE581-E3C8-4DD6-8A4F-63D7559A719B}.Debug|x64.ActiveCfg = Debug|iPhone
		{424CE581-E3C8-4DD6-8A4F-63D7559A719B}.Debug|x86.ActiveCfg = Debug|iPhoneSimulator
		{424CE581-E3C8-4DD6-8A4F-63D7559A719B}.Debug|x86.Build.0 = Debug|iPhoneSimulator
		{424CE581-E3C8-4DD6-8A4F-63D7559A719B}.Release|Any CPU.ActiveCfg = Release|iPhone
		{424CE581-E3C8-4DD6-8A4F-63D7559A719B}.Release|Any CPU.Build.0 = Release|iPhone
		{424CE581-E3C8-4DD6-8A4F-63D7559A719B}.Release|ARM.ActiveCfg = Release|iPhone
		{424CE581-E3C8-4DD6-8A4F-63D7559A719B}.Release|iPhone.ActiveCfg = Release|iPhone
		{424CE581-E3C8-4DD6-8A4F-63D7559A719B}.Release|iPhone.Build.0 = Release|iPhone
		{424CE581-E3C8-4DD6-8A4F-63D7559A719B}.Release|iPhoneSimulator.ActiveCfg = Release|iPhoneSimulator
		{424CE581-E3C8-4DD6-8A4F-63D7559A719B}.Release|iPhoneSimulator.Build.0 = Release|iPhoneSimulator
		{424CE581-E3C8-4DD6-8A4F-63D7559A719B}.Release|x64.ActiveCfg = Release|iPhone
		{424CE581-E3C8-4DD6-8A4F-63D7559A719B}.Release|x86.ActiveCfg = Release|iPhone
		{424CE581-E3C8-4DD6-8A4F-63D7559A719B}.Release|x86.Build.0 = Release|iPhone
		{23BAE88A-2ADF-4714-BAFE-68B43DAEAEF8}.Ad-Hoc|Any CPU.ActiveCfg = Release|Any CPU
		{23BAE88A-2ADF-4714-BAFE-68B43DAEAEF8}.Ad-Hoc|Any CPU.Build.0 = Release|Any CPU
		{23BAE88A-2ADF-4714-BAFE-68B43DAEAEF8}.Ad-Hoc|ARM.ActiveCfg = Debug|Any CPU
		{23BAE88A-2ADF-4714-BAFE-68B43DAEAEF8}.Ad-Hoc|ARM.Build.0 = Debug|Any CPU
		{23BAE88A-2ADF-4714-BAFE-68B43DAEAEF8}.Ad-Hoc|iPhone.ActiveCfg = Release|Any CPU
		{23BAE88A-2ADF-4714-BAFE-68B43DAEAEF8}.Ad-Hoc|iPhone.Build.0 = Release|Any CPU
		{23BAE88A-2ADF-4714-BAFE-68B43DAEAEF8}.Ad-Hoc|iPhoneSimulator.ActiveCfg = Debug|Any CPU
		{23BAE88A-2ADF-4714-BAFE-68B43DAEAEF8}.Ad-Hoc|iPhoneSimulator.Build.0 = Debug|Any CPU
		{23BAE88A-2ADF-4714-BAFE-68B43DAEAEF8}.Ad-Hoc|x64.ActiveCfg = Debug|Any CPU
		{23BAE88A-2ADF-4714-BAFE-68B43DAEAEF8}.Ad-Hoc|x64.Build.0 = Debug|Any CPU
		{23BAE88A-2ADF-4714-BAFE-68B43DAEAEF8}.Ad-Hoc|x86.ActiveCfg = Release|Any CPU
		{23BAE88A-2ADF-4714-BAFE-68B43DAEAEF8}.Ad-Hoc|x86.Build.0 = Release|Any CPU
		{23BAE88A-2ADF-4714-BAFE-68B43DAEAEF8}.AppStore|Any CPU.ActiveCfg = Release|Any CPU
		{23BAE88A-2ADF-4714-BAFE-68B43DAEAEF8}.AppStore|Any CPU.Build.0 = Release|Any CPU
		{23BAE88A-2ADF-4714-BAFE-68B43DAEAEF8}.AppStore|ARM.ActiveCfg = Debug|Any CPU
		{23BAE88A-2ADF-4714-BAFE-68B43DAEAEF8}.AppStore|ARM.Build.0 = Debug|Any CPU
		{23BAE88A-2ADF-4714-BAFE-68B43DAEAEF8}.AppStore|iPhone.ActiveCfg = Release|Any CPU
		{23BAE88A-2ADF-4714-BAFE-68B43DAEAEF8}.AppStore|iPhone.Build.0 = Release|Any CPU
		{23BAE88A-2ADF-4714-BAFE-68B43DAEAEF8}.AppStore|iPhoneSimulator.ActiveCfg = Release|Any CPU
		{23BAE88A-2ADF-4714-BAFE-68B43DAEAEF8}.AppStore|iPhoneSimulator.Build.0 = Release|Any CPU
		{23BAE88A-2ADF-4714-BAFE-68B43DAEAEF8}.AppStore|x64.ActiveCfg = Debug|Any CPU
		{23BAE88A-2ADF-4714-BAFE-68B43DAEAEF8}.AppStore|x64.Build.0 = Debug|Any CPU
		{23BAE88A-2ADF-4714-BAFE-68B43DAEAEF8}.AppStore|x86.ActiveCfg = Debug|Any CPU
		{23BAE88A-2ADF-4714-BAFE-68B43DAEAEF8}.AppStore|x86.Build.0 = Debug|Any CPU
		{23BAE88A-2ADF-4714-BAFE-68B43DAEAEF8}.Debug|Any CPU.ActiveCfg = Debug|Any CPU
		{23BAE88A-2ADF-4714-BAFE-68B43DAEAEF8}.Debug|Any CPU.Build.0 = Debug|Any CPU
		{23BAE88A-2ADF-4714-BAFE-68B43DAEAEF8}.Debug|ARM.ActiveCfg = Debug|Any CPU
		{23BAE88A-2ADF-4714-BAFE-68B43DAEAEF8}.Debug|ARM.Build.0 = Debug|Any CPU
		{23BAE88A-2ADF-4714-BAFE-68B43DAEAEF8}.Debug|iPhone.ActiveCfg = Debug|Any CPU
		{23BAE88A-2ADF-4714-BAFE-68B43DAEAEF8}.Debug|iPhone.Build.0 = Debug|Any CPU
		{23BAE88A-2ADF-4714-BAFE-68B43DAEAEF8}.Debug|iPhoneSimulator.ActiveCfg = Debug|Any CPU
		{23BAE88A-2ADF-4714-BAFE-68B43DAEAEF8}.Debug|iPhoneSimulator.Build.0 = Debug|Any CPU
		{23BAE88A-2ADF-4714-BAFE-68B43DAEAEF8}.Debug|x64.ActiveCfg = Debug|Any CPU
		{23BAE88A-2ADF-4714-BAFE-68B43DAEAEF8}.Debug|x64.Build.0 = Debug|Any CPU
		{23BAE88A-2ADF-4714-BAFE-68B43DAEAEF8}.Debug|x86.ActiveCfg = Debug|Any CPU
		{23BAE88A-2ADF-4714-BAFE-68B43DAEAEF8}.Debug|x86.Build.0 = Debug|Any CPU
		{23BAE88A-2ADF-4714-BAFE-68B43DAEAEF8}.Release|Any CPU.ActiveCfg = Release|Any CPU
		{23BAE88A-2ADF-4714-BAFE-68B43DAEAEF8}.Release|Any CPU.Build.0 = Release|Any CPU
		{23BAE88A-2ADF-4714-BAFE-68B43DAEAEF8}.Release|ARM.ActiveCfg = Release|Any CPU
		{23BAE88A-2ADF-4714-BAFE-68B43DAEAEF8}.Release|ARM.Build.0 = Release|Any CPU
		{23BAE88A-2ADF-4714-BAFE-68B43DAEAEF8}.Release|iPhone.ActiveCfg = Release|Any CPU
		{23BAE88A-2ADF-4714-BAFE-68B43DAEAEF8}.Release|iPhone.Build.0 = Release|Any CPU
		{23BAE88A-2ADF-4714-BAFE-68B43DAEAEF8}.Release|iPhoneSimulator.ActiveCfg = Release|Any CPU
		{23BAE88A-2ADF-4714-BAFE-68B43DAEAEF8}.Release|iPhoneSimulator.Build.0 = Release|Any CPU
		{23BAE88A-2ADF-4714-BAFE-68B43DAEAEF8}.Release|x64.ActiveCfg = Release|Any CPU
		{23BAE88A-2ADF-4714-BAFE-68B43DAEAEF8}.Release|x64.Build.0 = Release|Any CPU
		{23BAE88A-2ADF-4714-BAFE-68B43DAEAEF8}.Release|x86.ActiveCfg = Release|Any CPU
		{23BAE88A-2ADF-4714-BAFE-68B43DAEAEF8}.Release|x86.Build.0 = Release|Any CPU
	EndGlobalSection
	GlobalSection(SolutionProperties) = preSolution
		HideSolutionNode = FALSE
	EndGlobalSection
	GlobalSection(ExtensibilityGlobals) = postSolution
		SolutionGuid = {A6B635FD-F667-49FC-910F-4A88132F87F8}
	EndGlobalSection
EndGlobal
